
Microsoft Visual Studio Solution File, Format Version 12.00
# Visual Studio Version 17
VisualStudioVersion = 17.1.32210.238
MinimumVisualStudioVersion = 10.0.40219.1
Project("{FAE04EC0-301F-11D3-BF4B-00C04F79EFBC}") = "MultiLayer.Core", "MultiLayer.Core\MultiLayer.Core.csproj", "{50B301DB-656B-4CD5-A82B-EF068FB40E72}"
EndProject
Global
	GlobalSection(SolutionConfigurationPlatforms) = preSolution
		Debug|Any CPU = Debug|Any CPU
		Release|Any CPU = Release|Any CPU
	EndGlobalSection
	GlobalSection(ProjectConfigurationPlatforms) = postSolution
		{50B301DB-656B-4CD5-A82B-EF068FB40E72}.Debug|Any CPU.ActiveCfg = Debug|Any CPU
		{50B301DB-656B-4CD5-A82B-EF068FB40E72}.Debug|Any CPU.Build.0 = Debug|Any CPU
		{50B301DB-656B-4CD5-A82B-EF068FB40E72}.Release|Any CPU.ActiveCfg = Release|Any CPU
		{50B301DB-656B-4CD5-A82B-EF068FB40E72}.Release|Any CPU.Build.0 = Release|Any CPU
	EndGlobalSection
	GlobalSection(SolutionProperties) = preSolution
		HideSolutionNode = FALSE
	EndGlobalSection
	GlobalSection(ExtensibilityGlobals) = postSolution
		SolutionGuid = {47649C09-C003-47F4-9398-7579F577E1B6}
	EndGlobalSection
EndGlobal
